
Microsoft Visual Studio Solution File, Format Version 12.00
# Visual Studio 15
VisualStudioVersion = 15.0.27004.2010
MinimumVisualStudioVersion = 10.0.40219.1
Project("{FAE04EC0-301F-11D3-BF4B-00C04F79EFBC}") = "LottieApp", "LottieApp\LottieApp.csproj", "{439AE716-C65D-4B80-A5DD-470B0F932986}"
EndProject
Global
	GlobalSection(SolutionConfigurationPlatforms) = preSolution
		Debug|ARM = Debug|ARM
		Debug|x64 = Debug|x64
		Debug|x86 = Debug|x86
		Release|ARM = Release|ARM
		Release|x64 = Release|x64
		Release|x86 = Release|x86
	EndGlobalSection
	GlobalSection(ProjectConfigurationPlatforms) = postSolution
		{439AE716-C65D-4B80-A5DD-470B0F932986}.Debug|ARM.ActiveCfg = Debug|ARM
		{439AE716-C65D-4B80-A5DD-470B0F932986}.Debug|ARM.Build.0 = Debug|ARM
		{439AE716-C65D-4B80-A5DD-470B0F932986}.Debug|ARM.Deploy.0 = Debug|ARM
		{439AE716-C65D-4B80-A5DD-470B0F932986}.Debug|x64.ActiveCfg = Debug|x64
		{439AE716-C65D-4B80-A5DD-470B0F932986}.Debug|x64.Build.0 = Debug|x64
		{439AE716-C65D-4B80-A5DD-470B0F932986}.Debug|x64.Deploy.0 = Debug|x64
		{439AE716-C65D-4B80-A5DD-470B0F932986}.Debug|x86.ActiveCfg = Debug|x86
		{439AE716-C65D-4B80-A5DD-470B0F932986}.Debug|x86.Build.0 = Debug|x86
		{439AE716-C65D-4B80-A5DD-470B0F932986}.Debug|x86.Deploy.0 = Debug|x86
		{439AE716-C65D-4B80-A5DD-470B0F932986}.Release|ARM.ActiveCfg = Release|ARM
		{439AE716-C65D-4B80-A5DD-470B0F932986}.Release|ARM.Build.0 = Release|ARM
		{439AE716-C65D-4B80-A5DD-470B0F932986}.Release|ARM.Deploy.0 = Release|ARM
		{439AE716-C65D-4B80-A5DD-470B0F932986}.Release|x64.ActiveCfg = Release|x64
		{439AE716-C65D-4B80-A5DD-470B0F932986}.Release|x64.Build.0 = Release|x64
		{439AE716-C65D-4B80-A5DD-470B0F932986}.Release|x64.Deploy.0 = Release|x64
		{439AE716-C65D-4B80-A5DD-470B0F932986}.Release|x86.ActiveCfg = Release|x86
		{439AE716-C65D-4B80-A5DD-470B0F932986}.Release|x86.Build.0 = Release|x86
		{439AE716-C65D-4B80-A5DD-470B0F932986}.Release|x86.Deploy.0 = Release|x86
	EndGlobalSection
	GlobalSection(SolutionProperties) = preSolution
		HideSolutionNode = FALSE
	EndGlobalSection
	GlobalSection(ExtensibilityGlobals) = postSolution
		SolutionGuid = {D294126E-1231-4165-9B21-9C4CF4831AF0}
	EndGlobalSection
EndGlobal
